
Microsoft Visual Studio Solution File, Format Version 12.00
# Visual Studio Version 17
VisualStudioVersion = 17.1.32210.238
MinimumVisualStudioVersion = 10.0.40219.1
Project("{9A19103F-16F7-4668-BE54-9A1E7A4F7556}") = "M10_RestApi", "M10_RestApi\M10_RestApi.csproj", "{387EFFD3-5DEF-4F5E-AEBF-EB6B89937F14}"
EndProject
Project("{9A19103F-16F7-4668-BE54-9A1E7A4F7556}") = "BusinessLogic", "BusinessLogic\BusinessLogic.csproj", "{5D8C7429-F6FB-4FF7-9D89-0B38CC14800E}"
EndProject
Project("{9A19103F-16F7-4668-BE54-9A1E7A4F7556}") = "DataAccess", "DataAccess\DataAccess.csproj", "{F211A164-A70E-490E-B974-19E91582DAF0}"
EndProject
Project("{9A19103F-16F7-4668-BE54-9A1E7A4F7556}") = "UniversityDomain", "UniversityDomain\UniversityDomain.csproj", "{BDD35AAF-4717-4B1D-B14C-E150020A4277}"
EndProject
Project("{9A19103F-16F7-4668-BE54-9A1E7A4F7556}") = "BusinessLogic.Tests", "BusinessLogic.Tests\BusinessLogic.Tests.csproj", "{A2DDD7AF-3CC7-4445-8448-62B4E15D6B6F}"
EndProject
Project("{9A19103F-16F7-4668-BE54-9A1E7A4F7556}") = "M10_RestApi.Tests", "M10_RestApi.Tests\M10_RestApi.Tests.csproj", "{58C3D175-3B6F-4711-BF46-4F0E929C1A6F}"
EndProject
Global
	GlobalSection(SolutionConfigurationPlatforms) = preSolution
		Debug|Any CPU = Debug|Any CPU
		Release|Any CPU = Release|Any CPU
	EndGlobalSection
	GlobalSection(ProjectConfigurationPlatforms) = postSolution
		{387EFFD3-5DEF-4F5E-AEBF-EB6B89937F14}.Debug|Any CPU.ActiveCfg = Debug|Any CPU
		{387EFFD3-5DEF-4F5E-AEBF-EB6B89937F14}.Debug|Any CPU.Build.0 = Debug|Any CPU
		{387EFFD3-5DEF-4F5E-AEBF-EB6B89937F14}.Release|Any CPU.ActiveCfg = Release|Any CPU
		{387EFFD3-5DEF-4F5E-AEBF-EB6B89937F14}.Release|Any CPU.Build.0 = Release|Any CPU
		{5D8C7429-F6FB-4FF7-9D89-0B38CC14800E}.Debug|Any CPU.ActiveCfg = Debug|Any CPU
		{5D8C7429-F6FB-4FF7-9D89-0B38CC14800E}.Debug|Any CPU.Build.0 = Debug|Any CPU
		{5D8C7429-F6FB-4FF7-9D89-0B38CC14800E}.Release|Any CPU.ActiveCfg = Release|Any CPU
		{5D8C7429-F6FB-4FF7-9D89-0B38CC14800E}.Release|Any CPU.Build.0 = Release|Any CPU
		{F211A164-A70E-490E-B974-19E91582DAF0}.Debug|Any CPU.ActiveCfg = Debug|Any CPU
		{F211A164-A70E-490E-B974-19E91582DAF0}.Debug|Any CPU.Build.0 = Debug|Any CPU
		{F211A164-A70E-490E-B974-19E91582DAF0}.Release|Any CPU.ActiveCfg = Release|Any CPU
		{F211A164-A70E-490E-B974-19E91582DAF0}.Release|Any CPU.Build.0 = Release|Any CPU
		{BDD35AAF-4717-4B1D-B14C-E150020A4277}.Debug|Any CPU.ActiveCfg = Debug|Any CPU
		{BDD35AAF-4717-4B1D-B14C-E150020A4277}.Debug|Any CPU.Build.0 = Debug|Any CPU
		{BDD35AAF-4717-4B1D-B14C-E150020A4277}.Release|Any CPU.ActiveCfg = Release|Any CPU
		{BDD35AAF-4717-4B1D-B14C-E150020A4277}.Release|Any CPU.Build.0 = Release|Any CPU
		{A2DDD7AF-3CC7-4445-8448-62B4E15D6B6F}.Debug|Any CPU.ActiveCfg = Debug|Any CPU
		{A2DDD7AF-3CC7-4445-8448-62B4E15D6B6F}.Debug|Any CPU.Build.0 = Debug|Any CPU
		{A2DDD7AF-3CC7-4445-8448-62B4E15D6B6F}.Release|Any CPU.ActiveCfg = Release|Any CPU
		{A2DDD7AF-3CC7-4445-8448-62B4E15D6B6F}.Release|Any CPU.Build.0 = Release|Any CPU
		{58C3D175-3B6F-4711-BF46-4F0E929C1A6F}.Debug|Any CPU.ActiveCfg = Debug|Any CPU
		{58C3D175-3B6F-4711-BF46-4F0E929C1A6F}.Debug|Any CPU.Build.0 = Debug|Any CPU
		{58C3D175-3B6F-4711-BF46-4F0E929C1A6F}.Release|Any CPU.ActiveCfg = Release|Any CPU
		{58C3D175-3B6F-4711-BF46-4F0E929C1A6F}.Release|Any CPU.Build.0 = Release|Any CPU
	EndGlobalSection
	GlobalSection(SolutionProperties) = preSolution
		HideSolutionNode = FALSE
	EndGlobalSection
	GlobalSection(ExtensibilityGlobals) = postSolution
		SolutionGuid = {4ADC2052-131B-43BF-8829-420E99713DCE}
	EndGlobalSection
EndGlobal
